
Microsoft Visual Studio Solution File, Format Version 12.00
# Visual Studio 15
VisualStudioVersion = 15.0.26730.12
MinimumVisualStudioVersion = 10.0.40219.1
Project("{FAE04EC0-301F-11D3-BF4B-00C04F79EFBC}") = "EJ01", "TP01\EJ01.csproj", "{D09626D2-3FF5-417A-8D92-8354348B78DD}"
EndProject
Project("{FAE04EC0-301F-11D3-BF4B-00C04F79EFBC}") = "EJ02", "EJ02\EJ02.csproj", "{86C6838C-AF4A-46A6-BAD3-8DAFA1F52AFA}"
EndProject
Project("{FAE04EC0-301F-11D3-BF4B-00C04F79EFBC}") = "EJ03", "EJ03\EJ03.csproj", "{906F335B-F33B-4307-8D95-B80E27911788}"
EndProject
Project("{FAE04EC0-301F-11D3-BF4B-00C04F79EFBC}") = "EJ04", "EJ04\EJ04.csproj", "{0ADF1F2E-7094-43CB-8C1D-D1571DDD8592}"
EndProject
Project("{FAE04EC0-301F-11D3-BF4B-00C04F79EFBC}") = "EJ05", "EJ05\EJ05.csproj", "{9079EEAB-3BC1-43CB-A805-63B303540B3D}"
EndProject
Global
	GlobalSection(SolutionConfigurationPlatforms) = preSolution
		Debug|Any CPU = Debug|Any CPU
		Release|Any CPU = Release|Any CPU
	EndGlobalSection
	GlobalSection(ProjectConfigurationPlatforms) = postSolution
		{D09626D2-3FF5-417A-8D92-8354348B78DD}.Debug|Any CPU.ActiveCfg = Debug|Any CPU
		{D09626D2-3FF5-417A-8D92-8354348B78DD}.Debug|Any CPU.Build.0 = Debug|Any CPU
		{D09626D2-3FF5-417A-8D92-8354348B78DD}.Release|Any CPU.ActiveCfg = Release|Any CPU
		{D09626D2-3FF5-417A-8D92-8354348B78DD}.Release|Any CPU.Build.0 = Release|Any CPU
		{86C6838C-AF4A-46A6-BAD3-8DAFA1F52AFA}.Debug|Any CPU.ActiveCfg = Debug|Any CPU
		{86C6838C-AF4A-46A6-BAD3-8DAFA1F52AFA}.Debug|Any CPU.Build.0 = Debug|Any CPU
		{86C6838C-AF4A-46A6-BAD3-8DAFA1F52AFA}.Release|Any CPU.ActiveCfg = Release|Any CPU
		{86C6838C-AF4A-46A6-BAD3-8DAFA1F52AFA}.Release|Any CPU.Build.0 = Release|Any CPU
		{906F335B-F33B-4307-8D95-B80E27911788}.Debug|Any CPU.ActiveCfg = Debug|Any CPU
		{906F335B-F33B-4307-8D95-B80E27911788}.Debug|Any CPU.Build.0 = Debug|Any CPU
		{906F335B-F33B-4307-8D95-B80E27911788}.Release|Any CPU.ActiveCfg = Release|Any CPU
		{906F335B-F33B-4307-8D95-B80E27911788}.Release|Any CPU.Build.0 = Release|Any CPU
		{0ADF1F2E-7094-43CB-8C1D-D1571DDD8592}.Debug|Any CPU.ActiveCfg = Debug|Any CPU
		{0ADF1F2E-7094-43CB-8C1D-D1571DDD8592}.Debug|Any CPU.Build.0 = Debug|Any CPU
		{0ADF1F2E-7094-43CB-8C1D-D1571DDD8592}.Release|Any CPU.ActiveCfg = Release|Any CPU
		{0ADF1F2E-7094-43CB-8C1D-D1571DDD8592}.Release|Any CPU.Build.0 = Release|Any CPU
		{9079EEAB-3BC1-43CB-A805-63B303540B3D}.Debug|Any CPU.ActiveCfg = Debug|Any CPU
		{9079EEAB-3BC1-43CB-A805-63B303540B3D}.Debug|Any CPU.Build.0 = Debug|Any CPU
		{9079EEAB-3BC1-43CB-A805-63B303540B3D}.Release|Any CPU.ActiveCfg = Release|Any CPU
		{9079EEAB-3BC1-43CB-A805-63B303540B3D}.Release|Any CPU.Build.0 = Release|Any CPU
	EndGlobalSection
	GlobalSection(SolutionProperties) = preSolution
		HideSolutionNode = FALSE
	EndGlobalSection
	GlobalSection(ExtensibilityGlobals) = postSolution
		SolutionGuid = {9337BB72-5A17-4EA4-8412-128BEEC9FE8B}
	EndGlobalSection
EndGlobal
